
Microsoft Visual Studio Solution File, Format Version 12.00
# Visual Studio 15
VisualStudioVersion = 15.0.28307.136
MinimumVisualStudioVersion = 10.0.40219.1
Project("{FAE04EC0-301F-11D3-BF4B-00C04F79EFBC}") = "DesktopVotingModule", "DesktopVotingModule\DesktopVotingModule.csproj", "{06BAEF81-225D-4EC2-82BE-451BBE4310B4}"
EndProject
Project("{FAE04EC0-301F-11D3-BF4B-00C04F79EFBC}") = "DesktopVotingModuleViewModel", "DesktopVotingModuleViewModel\DesktopVotingModuleViewModel.csproj", "{80C6902D-0E08-45CC-9B84-8F436C753E99}"
EndProject
Project("{FAE04EC0-301F-11D3-BF4B-00C04F79EFBC}") = "DesktopVotingModuleModel", "DesktopVotingModuleModel\DesktopVotingModuleModel.csproj", "{9D9EF1F6-696C-4328-835C-9261BF6CAD1E}"
EndProject
Global
	GlobalSection(SolutionConfigurationPlatforms) = preSolution
		Debug|Any CPU = Debug|Any CPU
		Release|Any CPU = Release|Any CPU
	EndGlobalSection
	GlobalSection(ProjectConfigurationPlatforms) = postSolution
		{06BAEF81-225D-4EC2-82BE-451BBE4310B4}.Debug|Any CPU.ActiveCfg = Debug|Any CPU
		{06BAEF81-225D-4EC2-82BE-451BBE4310B4}.Debug|Any CPU.Build.0 = Debug|Any CPU
		{06BAEF81-225D-4EC2-82BE-451BBE4310B4}.Release|Any CPU.ActiveCfg = Release|Any CPU
		{06BAEF81-225D-4EC2-82BE-451BBE4310B4}.Release|Any CPU.Build.0 = Release|Any CPU
		{80C6902D-0E08-45CC-9B84-8F436C753E99}.Debug|Any CPU.ActiveCfg = Debug|Any CPU
		{80C6902D-0E08-45CC-9B84-8F436C753E99}.Debug|Any CPU.Build.0 = Debug|Any CPU
		{80C6902D-0E08-45CC-9B84-8F436C753E99}.Release|Any CPU.ActiveCfg = Release|Any CPU
		{80C6902D-0E08-45CC-9B84-8F436C753E99}.Release|Any CPU.Build.0 = Release|Any CPU
		{9D9EF1F6-696C-4328-835C-9261BF6CAD1E}.Debug|Any CPU.ActiveCfg = Debug|Any CPU
		{9D9EF1F6-696C-4328-835C-9261BF6CAD1E}.Debug|Any CPU.Build.0 = Debug|Any CPU
		{9D9EF1F6-696C-4328-835C-9261BF6CAD1E}.Release|Any CPU.ActiveCfg = Release|Any CPU
		{9D9EF1F6-696C-4328-835C-9261BF6CAD1E}.Release|Any CPU.Build.0 = Release|Any CPU
	EndGlobalSection
	GlobalSection(SolutionProperties) = preSolution
		HideSolutionNode = FALSE
	EndGlobalSection
	GlobalSection(ExtensibilityGlobals) = postSolution
		SolutionGuid = {54502009-A5C5-4AFA-83CA-D2584938D3E7}
	EndGlobalSection
EndGlobal
